
Microsoft Visual Studio Solution File, Format Version 12.00
# Visual Studio Version 16
VisualStudioVersion = 16.0.29521.150
MinimumVisualStudioVersion = 10.0.40219.1
Project("{FAE04EC0-301F-11D3-BF4B-00C04F79EFBC}") = "SecureWebApp.Server", "Server\SecureWebApp.Server.csproj", "{DBBF2F70-9268-4F74-BAA3-5D1D75F3CD54}"
EndProject
Project("{FAE04EC0-301F-11D3-BF4B-00C04F79EFBC}") = "SecureWebApp.Client", "Client\SecureWebApp.Client.csproj", "{CD120549-DFAF-418C-8E8C-831B758A52F8}"
EndProject
Project("{FAE04EC0-301F-11D3-BF4B-00C04F79EFBC}") = "SecureWebApp.Shared", "Shared\SecureWebApp.Shared.csproj", "{1F9962AC-F58E-4323-846E-4C466D7C0881}"
EndProject
Global
	GlobalSection(SolutionConfigurationPlatforms) = preSolution
		Debug|Any CPU = Debug|Any CPU
		Release|Any CPU = Release|Any CPU
	EndGlobalSection
	GlobalSection(ProjectConfigurationPlatforms) = postSolution
		{DBBF2F70-9268-4F74-BAA3-5D1D75F3CD54}.Debug|Any CPU.ActiveCfg = Debug|Any CPU
		{DBBF2F70-9268-4F74-BAA3-5D1D75F3CD54}.Debug|Any CPU.Build.0 = Debug|Any CPU
		{DBBF2F70-9268-4F74-BAA3-5D1D75F3CD54}.Release|Any CPU.ActiveCfg = Release|Any CPU
		{DBBF2F70-9268-4F74-BAA3-5D1D75F3CD54}.Release|Any CPU.Build.0 = Release|Any CPU
		{CD120549-DFAF-418C-8E8C-831B758A52F8}.Debug|Any CPU.ActiveCfg = Debug|Any CPU
		{CD120549-DFAF-418C-8E8C-831B758A52F8}.Debug|Any CPU.Build.0 = Debug|Any CPU
		{CD120549-DFAF-418C-8E8C-831B758A52F8}.Release|Any CPU.ActiveCfg = Release|Any CPU
		{CD120549-DFAF-418C-8E8C-831B758A52F8}.Release|Any CPU.Build.0 = Release|Any CPU
		{1F9962AC-F58E-4323-846E-4C466D7C0881}.Debug|Any CPU.ActiveCfg = Debug|Any CPU
		{1F9962AC-F58E-4323-846E-4C466D7C0881}.Debug|Any CPU.Build.0 = Debug|Any CPU
		{1F9962AC-F58E-4323-846E-4C466D7C0881}.Release|Any CPU.ActiveCfg = Release|Any CPU
		{1F9962AC-F58E-4323-846E-4C466D7C0881}.Release|Any CPU.Build.0 = Release|Any CPU
	EndGlobalSection
	GlobalSection(SolutionProperties) = preSolution
		HideSolutionNode = FALSE
	EndGlobalSection
	GlobalSection(ExtensibilityGlobals) = postSolution
		SolutionGuid = {78E30AFE-C79A-4119-BC3B-915D74C631D7}
	EndGlobalSection
EndGlobal
